
Microsoft Visual Studio Solution File, Format Version 12.00
# Visual Studio Version 17
VisualStudioVersion = 17.4.33122.133
MinimumVisualStudioVersion = 10.0.40219.1
Project("{9A19103F-16F7-4668-BE54-9A1E7A4F7556}") = "AGC_Unterricht", "AGC_Unterricht\AGC_Unterricht.csproj", "{FFD70D01-A45C-4722-9EE1-27FEA8A57FE8}"
EndProject
Project("{9A19103F-16F7-4668-BE54-9A1E7A4F7556}") = "Uebung3A-Wartezimmer", "Uebung3A-Wartezimmer\Uebung3A-Wartezimmer.csproj", "{386211F8-5FA2-4F59-A3AE-25B6449CD5E9}"
EndProject
Project("{9A19103F-16F7-4668-BE54-9A1E7A4F7556}") = "Uebung3B-Sackbahnhof", "Uebung3B-Sackbahnhof\Uebung3B-Sackbahnhof.csproj", "{049A6BE3-4E7D-4F5A-A683-6A66C23901C9}"
EndProject
Project("{9A19103F-16F7-4668-BE54-9A1E7A4F7556}") = "Uebung4a-Generische-Datenstrukturen", "Uebung4-Generische-Datenstrukturen\Uebung4a-Generische-Datenstrukturen.csproj", "{2D57A85E-0C0D-4572-8BB6-6F1A53067DFA}"
EndProject
Project("{9A19103F-16F7-4668-BE54-9A1E7A4F7556}") = "Uebung4b-Generische-Datenstrukturen", "Uebung4-Genereische-Datenstrukturen_sortiert_generisch_array\Uebung4b-Generische-Datenstrukturen.csproj", "{3AEE94F8-0519-40FF-9D2F-31426E54E279}"
EndProject
Project("{FAE04EC0-301F-11D3-BF4B-00C04F79EFBC}") = "Leihfahrraeder", "Leihfahrraeder\Leihfahrraeder.csproj", "{AE277FEF-0DC4-4F3A-B61F-1BFEA55F9531}"
EndProject
Global
	GlobalSection(SolutionConfigurationPlatforms) = preSolution
		Debug|Any CPU = Debug|Any CPU
		Release|Any CPU = Release|Any CPU
	EndGlobalSection
	GlobalSection(ProjectConfigurationPlatforms) = postSolution
		{FFD70D01-A45C-4722-9EE1-27FEA8A57FE8}.Debug|Any CPU.ActiveCfg = Debug|Any CPU
		{FFD70D01-A45C-4722-9EE1-27FEA8A57FE8}.Debug|Any CPU.Build.0 = Debug|Any CPU
		{FFD70D01-A45C-4722-9EE1-27FEA8A57FE8}.Release|Any CPU.ActiveCfg = Release|Any CPU
		{FFD70D01-A45C-4722-9EE1-27FEA8A57FE8}.Release|Any CPU.Build.0 = Release|Any CPU
		{386211F8-5FA2-4F59-A3AE-25B6449CD5E9}.Debug|Any CPU.ActiveCfg = Debug|Any CPU
		{386211F8-5FA2-4F59-A3AE-25B6449CD5E9}.Debug|Any CPU.Build.0 = Debug|Any CPU
		{386211F8-5FA2-4F59-A3AE-25B6449CD5E9}.Release|Any CPU.ActiveCfg = Release|Any CPU
		{386211F8-5FA2-4F59-A3AE-25B6449CD5E9}.Release|Any CPU.Build.0 = Release|Any CPU
		{049A6BE3-4E7D-4F5A-A683-6A66C23901C9}.Debug|Any CPU.ActiveCfg = Debug|Any CPU
		{049A6BE3-4E7D-4F5A-A683-6A66C23901C9}.Debug|Any CPU.Build.0 = Debug|Any CPU
		{049A6BE3-4E7D-4F5A-A683-6A66C23901C9}.Release|Any CPU.ActiveCfg = Release|Any CPU
		{049A6BE3-4E7D-4F5A-A683-6A66C23901C9}.Release|Any CPU.Build.0 = Release|Any CPU
		{2D57A85E-0C0D-4572-8BB6-6F1A53067DFA}.Debug|Any CPU.ActiveCfg = Debug|Any CPU
		{2D57A85E-0C0D-4572-8BB6-6F1A53067DFA}.Debug|Any CPU.Build.0 = Debug|Any CPU
		{2D57A85E-0C0D-4572-8BB6-6F1A53067DFA}.Release|Any CPU.ActiveCfg = Release|Any CPU
		{2D57A85E-0C0D-4572-8BB6-6F1A53067DFA}.Release|Any CPU.Build.0 = Release|Any CPU
		{3AEE94F8-0519-40FF-9D2F-31426E54E279}.Debug|Any CPU.ActiveCfg = Debug|Any CPU
		{3AEE94F8-0519-40FF-9D2F-31426E54E279}.Debug|Any CPU.Build.0 = Debug|Any CPU
		{3AEE94F8-0519-40FF-9D2F-31426E54E279}.Release|Any CPU.ActiveCfg = Release|Any CPU
		{3AEE94F8-0519-40FF-9D2F-31426E54E279}.Release|Any CPU.Build.0 = Release|Any CPU
		{AE277FEF-0DC4-4F3A-B61F-1BFEA55F9531}.Debug|Any CPU.ActiveCfg = Debug|Any CPU
		{AE277FEF-0DC4-4F3A-B61F-1BFEA55F9531}.Debug|Any CPU.Build.0 = Debug|Any CPU
		{AE277FEF-0DC4-4F3A-B61F-1BFEA55F9531}.Release|Any CPU.ActiveCfg = Release|Any CPU
		{AE277FEF-0DC4-4F3A-B61F-1BFEA55F9531}.Release|Any CPU.Build.0 = Release|Any CPU
	EndGlobalSection
	GlobalSection(SolutionProperties) = preSolution
		HideSolutionNode = FALSE
	EndGlobalSection
	GlobalSection(ExtensibilityGlobals) = postSolution
		SolutionGuid = {556B28DD-32D1-4C8A-8C79-F3D7D42F0F78}
	EndGlobalSection
EndGlobal
